
Microsoft Visual Studio Solution File, Format Version 12.00
# Visual Studio Version 17
VisualStudioVersion = 17.0.31903.59
MinimumVisualStudioVersion = 10.0.40219.1
Project("{2150E333-8FDC-42A3-9474-1A3956D46DE8}") = "Prowl", "Prowl", "{8E1DA48B-444A-C18F-7F7A-DC430FB206FE}"
EndProject
Project("{FAE04EC0-301F-11D3-BF4B-00C04F79EFBC}") = "Prowl.Editor", "Prowl\Prowl.Editor\Prowl.Editor.csproj", "{233C418A-D5F7-4762-A680-9432DCB63985}"
EndProject
Project("{FAE04EC0-301F-11D3-BF4B-00C04F79EFBC}") = "Prowl.Runtime", "Prowl\Prowl.Runtime\Prowl.Runtime.csproj", "{43B80C83-B457-4C65-9798-A8533FF8F113}"
EndProject
Project("{2150E333-8FDC-42A3-9474-1A3956D46DE8}") = "Prowl.Paper", "Prowl.Paper", "{F9C16224-6BCA-7FD0-8033-2109979006BA}"
EndProject
Project("{FAE04EC0-301F-11D3-BF4B-00C04F79EFBC}") = "Paper", "Prowl.Paper\Paper\Paper.csproj", "{C31CC49F-5BFE-41F0-A78F-AAD42AA692CA}"
EndProject
Project("{FAE04EC0-301F-11D3-BF4B-00C04F79EFBC}") = "Prowl.Runtime.Test", "Prowl\Prowl.Runtime.Test\Prowl.Runtime.Test.csproj", "{6FE82DA5-8F7C-4F6E-B42B-F6C7978EDDC2}"
EndProject
Project("{2150E333-8FDC-42A3-9474-1A3956D46DE8}") = "Samples", "Samples", "{958A059E-0C2A-BDEA-93CB-C85719175899}"
EndProject
Project("{FAE04EC0-301F-11D3-BF4B-00C04F79EFBC}") = "AudioDemo", "Prowl\Samples\AudioDemo\AudioDemo.csproj", "{57EF41C2-3B68-4573-B225-5AE79C15298A}"
EndProject
Project("{FAE04EC0-301F-11D3-BF4B-00C04F79EFBC}") = "BananaMan", "Prowl\Samples\BananaMan\BananaMan.csproj", "{96B3FB63-1BC0-4DF5-81A9-88FEC5BF7DCE}"
EndProject
Project("{FAE04EC0-301F-11D3-BF4B-00C04F79EFBC}") = "CarPhysicsDemo", "Prowl\Samples\CarPhysicsDemo\CarPhysicsDemo.csproj", "{D3F3F0FA-D892-475B-B6E5-43A5C134A44B}"
EndProject
Project("{FAE04EC0-301F-11D3-BF4B-00C04F79EFBC}") = "FlyCamera", "Prowl\Samples\FlyCamera\FlyCamera.csproj", "{8E7D3B11-DCBD-4769-A708-9D642F74AEFB}"
EndProject
Project("{FAE04EC0-301F-11D3-BF4B-00C04F79EFBC}") = "LifecycleTest", "Prowl\Samples\LifecycleTest\LifecycleTest.csproj", "{042AA2D9-F701-4087-ABD0-056012714539}"
EndProject
Project("{FAE04EC0-301F-11D3-BF4B-00C04F79EFBC}") = "PhysicsCubes", "Prowl\Samples\PhysicsCubes\PhysicsCubes.csproj", "{02EA8DEA-1350-43BF-A459-9C9BC2C1A18D}"
EndProject
Project("{FAE04EC0-301F-11D3-BF4B-00C04F79EFBC}") = "PhysicsTesterDemo", "Prowl\Samples\PhysicsTesterDemo\PhysicsTesterDemo.csproj", "{2D6DD345-D989-4EFB-BDAA-0A8DEB158629}"
EndProject
Project("{FAE04EC0-301F-11D3-BF4B-00C04F79EFBC}") = "ShapeCastDemo", "Prowl\Samples\ShapeCastDemo\ShapeCastDemo.csproj", "{4D882657-3CC6-46F0-BB4F-6A88722B49A0}"
EndProject
Project("{FAE04EC0-301F-11D3-BF4B-00C04F79EFBC}") = "SimpleCube", "Prowl\Samples\SimpleCube\SimpleCube.csproj", "{A8B00669-C6A7-43D7-926E-4A57D2F3BB6E}"
EndProject
Project("{FAE04EC0-301F-11D3-BF4B-00C04F79EFBC}") = "VoxelEngine", "Prowl\Samples\VoxelEngine\VoxelEngine.csproj", "{61BEB9B1-118C-41E3-B8E1-39C58CCF8844}"
EndProject
Project("{FAE04EC0-301F-11D3-BF4B-00C04F79EFBC}") = "Origami", "Prowl.Paper\Origami\Origami.csproj", "{C29EBE92-1855-4A1E-A58C-B5C3EDA2592B}"
EndProject
Project("{2150E333-8FDC-42A3-9474-1A3956D46DE8}") = "Samples", "Samples", "{58EB90A0-D50F-0EE3-3FFC-31ADD344552C}"
EndProject
Project("{2150E333-8FDC-42A3-9474-1A3956D46DE8}") = "OpenTK", "OpenTK", "{8D44D6AF-D800-B310-90FB-71C58A60971F}"
EndProject
Project("{FAE04EC0-301F-11D3-BF4B-00C04F79EFBC}") = "OpenTKSample", "Prowl.Paper\Samples\OpenTK\OpenTKSample.csproj", "{D02AF1E2-C0CC-48AF-86FB-5550E635E936}"
EndProject
Project("{FAE04EC0-301F-11D3-BF4B-00C04F79EFBC}") = "Shared", "Prowl.Paper\Samples\Shared\Shared.csproj", "{DB0BDCEF-433B-43F9-9DA9-1D4B5B38E132}"
EndProject
Project("{FAE04EC0-301F-11D3-BF4B-00C04F79EFBC}") = "RaylibSample", "Prowl.Paper\Samples\RaylibSample\RaylibSample.csproj", "{8F5119A5-9CA6-47A6-B198-45016D98FD56}"
EndProject
Project("{FAE04EC0-301F-11D3-BF4B-00C04F79EFBC}") = "WasmExample", "Prowl.Paper\Samples\WasmExample\WasmExample.csproj", "{D420C9C0-B5C6-4DAE-946B-D758DEF8B4F5}"
EndProject
Project("{FAE04EC0-301F-11D3-BF4B-00C04F79EFBC}") = "Tests", "Prowl.Paper\Tests\Tests.csproj", "{0D21C96C-30D4-4FEF-A4E5-CC65FD90E1BA}"
EndProject
Project("{2150E333-8FDC-42A3-9474-1A3956D46DE8}") = "Prowl.Quill", "Prowl.Quill", "{C825AEA8-8A31-0E94-9BF2-7ED81F1CB1B4}"
EndProject
Project("{FAE04EC0-301F-11D3-BF4B-00C04F79EFBC}") = "Quill", "Prowl.Quill\Quill\Quill.csproj", "{720AE7E2-8E7F-40D7-9189-BE83BA744C5D}"
EndProject
Project("{2150E333-8FDC-42A3-9474-1A3956D46DE8}") = "Samples", "Samples", "{EB413240-7C40-4B3E-04F3-9FFFF84AB923}"
EndProject
Project("{FAE04EC0-301F-11D3-BF4B-00C04F79EFBC}") = "OpenTKExample", "Prowl.Quill\Samples\OpenTKExample\OpenTKExample.csproj", "{98839CA8-ADAF-4F6A-99DC-5D32C79E4B39}"
EndProject
Project("{FAE04EC0-301F-11D3-BF4B-00C04F79EFBC}") = "RaylibExample", "Prowl.Quill\Samples\RaylibExample\RaylibExample.csproj", "{8BEEC489-E429-4B08-98A4-9301A726A246}"
EndProject
Project("{FAE04EC0-301F-11D3-BF4B-00C04F79EFBC}") = "SFMLExample", "Prowl.Quill\Samples\SFMLExample\SFMLExample.csproj", "{054ACBD3-122E-4695-9C3C-75FB37DB89C3}"
EndProject
Project("{FAE04EC0-301F-11D3-BF4B-00C04F79EFBC}") = "SilkNETExample", "Prowl.Quill\Samples\SilkNETExample\SilkNETExample.csproj", "{63D949B9-85C2-4F0C-8DA4-61CA6CB1D56B}"
EndProject
Project("{FAE04EC0-301F-11D3-BF4B-00C04F79EFBC}") = "WasmExample", "Prowl.Quill\Samples\WasmExample\WasmExample.csproj", "{20410C70-C0AD-412A-8F08-FCAEC2CA5567}"
EndProject
Project("{2150E333-8FDC-42A3-9474-1A3956D46DE8}") = "Prowl.Scribe", "Prowl.Scribe", "{8DB748CA-FB21-EDEC-5231-D42DF1BBAC3E}"
EndProject
Project("{2150E333-8FDC-42A3-9474-1A3956D46DE8}") = "Samples", "Samples", "{1704E875-015C-3025-AD82-324E191F13A5}"
EndProject
Project("{FAE04EC0-301F-11D3-BF4B-00C04F79EFBC}") = "RaylibTest", "Prowl.Scribe\Samples\RaylibTest\RaylibTest.csproj", "{9AEB8AF0-AF8D-4B22-B480-499C33A5A30B}"
EndProject
Project("{FAE04EC0-301F-11D3-BF4B-00C04F79EFBC}") = "Scribe", "Prowl.Scribe\Scribe\Scribe.csproj", "{0C4C141D-7AAC-4527-AD79-C41560D9B1DC}"
EndProject
Project("{FAE04EC0-301F-11D3-BF4B-00C04F79EFBC}") = "Tests", "Prowl.Scribe\Tests\Tests.csproj", "{52FD318D-574C-42BA-8AC2-33E6FD430CCD}"
EndProject
Project("{2150E333-8FDC-42A3-9474-1A3956D46DE8}") = "Prowl.Echo", "Prowl.Echo", "{9F3D46DF-2528-DC2F-85BF-DA90965EA115}"
EndProject
Project("{FAE04EC0-301F-11D3-BF4B-00C04F79EFBC}") = "Benchmarks", "Prowl.Echo\Benchmarks\Benchmarks.csproj", "{043799CA-00E2-4A91-8D2B-C1221EE37D0B}"
EndProject
Project("{FAE04EC0-301F-11D3-BF4B-00C04F79EFBC}") = "Echo.SourceGenerator", "Prowl.Echo\Echo.SourceGenerator\Echo.SourceGenerator.csproj", "{D75A5A75-B2F0-4932-BE46-2139805EE473}"
EndProject
Project("{FAE04EC0-301F-11D3-BF4B-00C04F79EFBC}") = "Echo", "Prowl.Echo\Echo\Echo.csproj", "{6670E3C0-4B30-42BC-B36B-D24A7B29F7AB}"
EndProject
Project("{FAE04EC0-301F-11D3-BF4B-00C04F79EFBC}") = "Tests", "Prowl.Echo\Tests\Tests.csproj", "{7F88502E-09C1-4702-BA77-57E64D599776}"
EndProject
Project("{2150E333-8FDC-42A3-9474-1A3956D46DE8}") = "Prowl.Vector", "Prowl.Vector", "{5A543B26-8F9E-0348-18A8-387CD7DAB152}"
EndProject
Project("{FAE04EC0-301F-11D3-BF4B-00C04F79EFBC}") = "OpenTKSample", "Prowl.Vector\OpenTKSample\OpenTKSample.csproj", "{0091ACE2-89D4-4ACF-8AAB-B32BB7B29D51}"
EndProject
Project("{FAE04EC0-301F-11D3-BF4B-00C04F79EFBC}") = "Vector", "Prowl.Vector\Vector\Vector.csproj", "{79D7AC8C-A455-42C3-8345-28C43D10F599}"
EndProject
Project("{2150E333-8FDC-42A3-9474-1A3956D46DE8}") = "Samples", "Samples", "{BCDC3BA7-1240-6D67-7146-7865CB133B6A}"
EndProject
Project("{FAE04EC0-301F-11D3-BF4B-00C04F79EFBC}") = "SoftwareRasterizer", "Prowl.Vector\Samples\SoftwareRasterizer\SoftwareRasterizer.csproj", "{9F23C6A8-AE17-42A4-B306-E39368B4226C}"
EndProject
Global
	GlobalSection(SolutionConfigurationPlatforms) = preSolution
		Debug|Any CPU = Debug|Any CPU
		Debug|x64 = Debug|x64
		Debug|x86 = Debug|x86
		Release|Any CPU = Release|Any CPU
		Release|x64 = Release|x64
		Release|x86 = Release|x86
	EndGlobalSection
	GlobalSection(ProjectConfigurationPlatforms) = postSolution
		{233C418A-D5F7-4762-A680-9432DCB63985}.Debug|Any CPU.ActiveCfg = Debug|Any CPU
		{233C418A-D5F7-4762-A680-9432DCB63985}.Debug|Any CPU.Build.0 = Debug|Any CPU
		{233C418A-D5F7-4762-A680-9432DCB63985}.Debug|x64.ActiveCfg = Debug|Any CPU
		{233C418A-D5F7-4762-A680-9432DCB63985}.Debug|x64.Build.0 = Debug|Any CPU
		{233C418A-D5F7-4762-A680-9432DCB63985}.Debug|x86.ActiveCfg = Debug|Any CPU
		{233C418A-D5F7-4762-A680-9432DCB63985}.Debug|x86.Build.0 = Debug|Any CPU
		{233C418A-D5F7-4762-A680-9432DCB63985}.Release|Any CPU.ActiveCfg = Release|Any CPU
		{233C418A-D5F7-4762-A680-9432DCB63985}.Release|Any CPU.Build.0 = Release|Any CPU
		{233C418A-D5F7-4762-A680-9432DCB63985}.Release|x64.ActiveCfg = Release|Any CPU
		{233C418A-D5F7-4762-A680-9432DCB63985}.Release|x64.Build.0 = Release|Any CPU
		{233C418A-D5F7-4762-A680-9432DCB63985}.Release|x86.ActiveCfg = Release|Any CPU
		{233C418A-D5F7-4762-A680-9432DCB63985}.Release|x86.Build.0 = Release|Any CPU
		{43B80C83-B457-4C65-9798-A8533FF8F113}.Debug|Any CPU.ActiveCfg = Debug|Any CPU
		{43B80C83-B457-4C65-9798-A8533FF8F113}.Debug|Any CPU.Build.0 = Debug|Any CPU
		{43B80C83-B457-4C65-9798-A8533FF8F113}.Debug|x64.ActiveCfg = Debug|Any CPU
		{43B80C83-B457-4C65-9798-A8533FF8F113}.Debug|x64.Build.0 = Debug|Any CPU
		{43B80C83-B457-4C65-9798-A8533FF8F113}.Debug|x86.ActiveCfg = Debug|Any CPU
		{43B80C83-B457-4C65-9798-A8533FF8F113}.Debug|x86.Build.0 = Debug|Any CPU
		{43B80C83-B457-4C65-9798-A8533FF8F113}.Release|Any CPU.ActiveCfg = Release|Any CPU
		{43B80C83-B457-4C65-9798-A8533FF8F113}.Release|Any CPU.Build.0 = Release|Any CPU
		{43B80C83-B457-4C65-9798-A8533FF8F113}.Release|x64.ActiveCfg = Release|Any CPU
		{43B80C83-B457-4C65-9798-A8533FF8F113}.Release|x64.Build.0 = Release|Any CPU
		{43B80C83-B457-4C65-9798-A8533FF8F113}.Release|x86.ActiveCfg = Release|Any CPU
		{43B80C83-B457-4C65-9798-A8533FF8F113}.Release|x86.Build.0 = Release|Any CPU
		{C31CC49F-5BFE-41F0-A78F-AAD42AA692CA}.Debug|Any CPU.ActiveCfg = Debug|Any CPU
		{C31CC49F-5BFE-41F0-A78F-AAD42AA692CA}.Debug|Any CPU.Build.0 = Debug|Any CPU
		{C31CC49F-5BFE-41F0-A78F-AAD42AA692CA}.Debug|x64.ActiveCfg = Debug|Any CPU
		{C31CC49F-5BFE-41F0-A78F-AAD42AA692CA}.Debug|x64.Build.0 = Debug|Any CPU
		{C31CC49F-5BFE-41F0-A78F-AAD42AA692CA}.Debug|x86.ActiveCfg = Debug|Any CPU
		{C31CC49F-5BFE-41F0-A78F-AAD42AA692CA}.Debug|x86.Build.0 = Debug|Any CPU
		{C31CC49F-5BFE-41F0-A78F-AAD42AA692CA}.Release|Any CPU.ActiveCfg = Release|Any CPU
		{C31CC49F-5BFE-41F0-A78F-AAD42AA692CA}.Release|Any CPU.Build.0 = Release|Any CPU
		{C31CC49F-5BFE-41F0-A78F-AAD42AA692CA}.Release|x64.ActiveCfg = Release|Any CPU
		{C31CC49F-5BFE-41F0-A78F-AAD42AA692CA}.Release|x64.Build.0 = Release|Any CPU
		{C31CC49F-5BFE-41F0-A78F-AAD42AA692CA}.Release|x86.ActiveCfg = Release|Any CPU
		{C31CC49F-5BFE-41F0-A78F-AAD42AA692CA}.Release|x86.Build.0 = Release|Any CPU
		{6FE82DA5-8F7C-4F6E-B42B-F6C7978EDDC2}.Debug|Any CPU.ActiveCfg = Debug|Any CPU
		{6FE82DA5-8F7C-4F6E-B42B-F6C7978EDDC2}.Debug|Any CPU.Build.0 = Debug|Any CPU
		{6FE82DA5-8F7C-4F6E-B42B-F6C7978EDDC2}.Debug|x64.ActiveCfg = Debug|Any CPU
		{6FE82DA5-8F7C-4F6E-B42B-F6C7978EDDC2}.Debug|x64.Build.0 = Debug|Any CPU
		{6FE82DA5-8F7C-4F6E-B42B-F6C7978EDDC2}.Debug|x86.ActiveCfg = Debug|Any CPU
		{6FE82DA5-8F7C-4F6E-B42B-F6C7978EDDC2}.Debug|x86.Build.0 = Debug|Any CPU
		{6FE82DA5-8F7C-4F6E-B42B-F6C7978EDDC2}.Release|Any CPU.ActiveCfg = Release|Any CPU
		{6FE82DA5-8F7C-4F6E-B42B-F6C7978EDDC2}.Release|Any CPU.Build.0 = Release|Any CPU
		{6FE82DA5-8F7C-4F6E-B42B-F6C7978EDDC2}.Release|x64.ActiveCfg = Release|Any CPU
		{6FE82DA5-8F7C-4F6E-B42B-F6C7978EDDC2}.Release|x64.Build.0 = Release|Any CPU
		{6FE82DA5-8F7C-4F6E-B42B-F6C7978EDDC2}.Release|x86.ActiveCfg = Release|Any CPU
		{6FE82DA5-8F7C-4F6E-B42B-F6C7978EDDC2}.Release|x86.Build.0 = Release|Any CPU
		{57EF41C2-3B68-4573-B225-5AE79C15298A}.Debug|Any CPU.ActiveCfg = Debug|Any CPU
		{57EF41C2-3B68-4573-B225-5AE79C15298A}.Debug|Any CPU.Build.0 = Debug|Any CPU
		{57EF41C2-3B68-4573-B225-5AE79C15298A}.Debug|x64.ActiveCfg = Debug|Any CPU
		{57EF41C2-3B68-4573-B225-5AE79C15298A}.Debug|x64.Build.0 = Debug|Any CPU
		{57EF41C2-3B68-4573-B225-5AE79C15298A}.Debug|x86.ActiveCfg = Debug|Any CPU
		{57EF41C2-3B68-4573-B225-5AE79C15298A}.Debug|x86.Build.0 = Debug|Any CPU
		{57EF41C2-3B68-4573-B225-5AE79C15298A}.Release|Any CPU.ActiveCfg = Release|Any CPU
		{57EF41C2-3B68-4573-B225-5AE79C15298A}.Release|Any CPU.Build.0 = Release|Any CPU
		{57EF41C2-3B68-4573-B225-5AE79C15298A}.Release|x64.ActiveCfg = Release|Any CPU
		{57EF41C2-3B68-4573-B225-5AE79C15298A}.Release|x64.Build.0 = Release|Any CPU
		{57EF41C2-3B68-4573-B225-5AE79C15298A}.Release|x86.ActiveCfg = Release|Any CPU
		{57EF41C2-3B68-4573-B225-5AE79C15298A}.Release|x86.Build.0 = Release|Any CPU
		{96B3FB63-1BC0-4DF5-81A9-88FEC5BF7DCE}.Debug|Any CPU.ActiveCfg = Debug|Any CPU
		{96B3FB63-1BC0-4DF5-81A9-88FEC5BF7DCE}.Debug|Any CPU.Build.0 = Debug|Any CPU
		{96B3FB63-1BC0-4DF5-81A9-88FEC5BF7DCE}.Debug|x64.ActiveCfg = Debug|Any CPU
		{96B3FB63-1BC0-4DF5-81A9-88FEC5BF7DCE}.Debug|x64.Build.0 = Debug|Any CPU
		{96B3FB63-1BC0-4DF5-81A9-88FEC5BF7DCE}.Debug|x86.ActiveCfg = Debug|Any CPU
		{96B3FB63-1BC0-4DF5-81A9-88FEC5BF7DCE}.Debug|x86.Build.0 = Debug|Any CPU
		{96B3FB63-1BC0-4DF5-81A9-88FEC5BF7DCE}.Release|Any CPU.ActiveCfg = Release|Any CPU
		{96B3FB63-1BC0-4DF5-81A9-88FEC5BF7DCE}.Release|Any CPU.Build.0 = Release|Any CPU
		{96B3FB63-1BC0-4DF5-81A9-88FEC5BF7DCE}.Release|x64.ActiveCfg = Release|Any CPU
		{96B3FB63-1BC0-4DF5-81A9-88FEC5BF7DCE}.Release|x64.Build.0 = Release|Any CPU
		{96B3FB63-1BC0-4DF5-81A9-88FEC5BF7DCE}.Release|x86.ActiveCfg = Release|Any CPU
		{96B3FB63-1BC0-4DF5-81A9-88FEC5BF7DCE}.Release|x86.Build.0 = Release|Any CPU
		{D3F3F0FA-D892-475B-B6E5-43A5C134A44B}.Debug|Any CPU.ActiveCfg = Debug|Any CPU
		{D3F3F0FA-D892-475B-B6E5-43A5C134A44B}.Debug|Any CPU.Build.0 = Debug|Any CPU
		{D3F3F0FA-D892-475B-B6E5-43A5C134A44B}.Debug|x64.ActiveCfg = Debug|Any CPU
		{D3F3F0FA-D892-475B-B6E5-43A5C134A44B}.Debug|x64.Build.0 = Debug|Any CPU
		{D3F3F0FA-D892-475B-B6E5-43A5C134A44B}.Debug|x86.ActiveCfg = Debug|Any CPU
		{D3F3F0FA-D892-475B-B6E5-43A5C134A44B}.Debug|x86.Build.0 = Debug|Any CPU
		{D3F3F0FA-D892-475B-B6E5-43A5C134A44B}.Release|Any CPU.ActiveCfg = Release|Any CPU
		{D3F3F0FA-D892-475B-B6E5-43A5C134A44B}.Release|Any CPU.Build.0 = Release|Any CPU
		{D3F3F0FA-D892-475B-B6E5-43A5C134A44B}.Release|x64.ActiveCfg = Release|Any CPU
		{D3F3F0FA-D892-475B-B6E5-43A5C134A44B}.Release|x64.Build.0 = Release|Any CPU
		{D3F3F0FA-D892-475B-B6E5-43A5C134A44B}.Release|x86.ActiveCfg = Release|Any CPU
		{D3F3F0FA-D892-475B-B6E5-43A5C134A44B}.Release|x86.Build.0 = Release|Any CPU
		{8E7D3B11-DCBD-4769-A708-9D642F74AEFB}.Debug|Any CPU.ActiveCfg = Debug|Any CPU
		{8E7D3B11-DCBD-4769-A708-9D642F74AEFB}.Debug|Any CPU.Build.0 = Debug|Any CPU
		{8E7D3B11-DCBD-4769-A708-9D642F74AEFB}.Debug|x64.ActiveCfg = Debug|Any CPU
		{8E7D3B11-DCBD-4769-A708-9D642F74AEFB}.Debug|x64.Build.0 = Debug|Any CPU
		{8E7D3B11-DCBD-4769-A708-9D642F74AEFB}.Debug|x86.ActiveCfg = Debug|Any CPU
		{8E7D3B11-DCBD-4769-A708-9D642F74AEFB}.Debug|x86.Build.0 = Debug|Any CPU
		{8E7D3B11-DCBD-4769-A708-9D642F74AEFB}.Release|Any CPU.ActiveCfg = Release|Any CPU
		{8E7D3B11-DCBD-4769-A708-9D642F74AEFB}.Release|Any CPU.Build.0 = Release|Any CPU
		{8E7D3B11-DCBD-4769-A708-9D642F74AEFB}.Release|x64.ActiveCfg = Release|Any CPU
		{8E7D3B11-DCBD-4769-A708-9D642F74AEFB}.Release|x64.Build.0 = Release|Any CPU
		{8E7D3B11-DCBD-4769-A708-9D642F74AEFB}.Release|x86.ActiveCfg = Release|Any CPU
		{8E7D3B11-DCBD-4769-A708-9D642F74AEFB}.Release|x86.Build.0 = Release|Any CPU
		{042AA2D9-F701-4087-ABD0-056012714539}.Debug|Any CPU.ActiveCfg = Debug|Any CPU
		{042AA2D9-F701-4087-ABD0-056012714539}.Debug|Any CPU.Build.0 = Debug|Any CPU
		{042AA2D9-F701-4087-ABD0-056012714539}.Debug|x64.ActiveCfg = Debug|Any CPU
		{042AA2D9-F701-4087-ABD0-056012714539}.Debug|x64.Build.0 = Debug|Any CPU
		{042AA2D9-F701-4087-ABD0-056012714539}.Debug|x86.ActiveCfg = Debug|Any CPU
		{042AA2D9-F701-4087-ABD0-056012714539}.Debug|x86.Build.0 = Debug|Any CPU
		{042AA2D9-F701-4087-ABD0-056012714539}.Release|Any CPU.ActiveCfg = Release|Any CPU
		{042AA2D9-F701-4087-ABD0-056012714539}.Release|Any CPU.Build.0 = Release|Any CPU
		{042AA2D9-F701-4087-ABD0-056012714539}.Release|x64.ActiveCfg = Release|Any CPU
		{042AA2D9-F701-4087-ABD0-056012714539}.Release|x64.Build.0 = Release|Any CPU
		{042AA2D9-F701-4087-ABD0-056012714539}.Release|x86.ActiveCfg = Release|Any CPU
		{042AA2D9-F701-4087-ABD0-056012714539}.Release|x86.Build.0 = Release|Any CPU
		{02EA8DEA-1350-43BF-A459-9C9BC2C1A18D}.Debug|Any CPU.ActiveCfg = Debug|Any CPU
		{02EA8DEA-1350-43BF-A459-9C9BC2C1A18D}.Debug|Any CPU.Build.0 = Debug|Any CPU
		{02EA8DEA-1350-43BF-A459-9C9BC2C1A18D}.Debug|x64.ActiveCfg = Debug|Any CPU
		{02EA8DEA-1350-43BF-A459-9C9BC2C1A18D}.Debug|x64.Build.0 = Debug|Any CPU
		{02EA8DEA-1350-43BF-A459-9C9BC2C1A18D}.Debug|x86.ActiveCfg = Debug|Any CPU
		{02EA8DEA-1350-43BF-A459-9C9BC2C1A18D}.Debug|x86.Build.0 = Debug|Any CPU
		{02EA8DEA-1350-43BF-A459-9C9BC2C1A18D}.Release|Any CPU.ActiveCfg = Release|Any CPU
		{02EA8DEA-1350-43BF-A459-9C9BC2C1A18D}.Release|Any CPU.Build.0 = Release|Any CPU
		{02EA8DEA-1350-43BF-A459-9C9BC2C1A18D}.Release|x64.ActiveCfg = Release|Any CPU
		{02EA8DEA-1350-43BF-A459-9C9BC2C1A18D}.Release|x64.Build.0 = Release|Any CPU
		{02EA8DEA-1350-43BF-A459-9C9BC2C1A18D}.Release|x86.ActiveCfg = Release|Any CPU
		{02EA8DEA-1350-43BF-A459-9C9BC2C1A18D}.Release|x86.Build.0 = Release|Any CPU
		{2D6DD345-D989-4EFB-BDAA-0A8DEB158629}.Debug|Any CPU.ActiveCfg = Debug|Any CPU
		{2D6DD345-D989-4EFB-BDAA-0A8DEB158629}.Debug|Any CPU.Build.0 = Debug|Any CPU
		{2D6DD345-D989-4EFB-BDAA-0A8DEB158629}.Debug|x64.ActiveCfg = Debug|Any CPU
		{2D6DD345-D989-4EFB-BDAA-0A8DEB158629}.Debug|x64.Build.0 = Debug|Any CPU
		{2D6DD345-D989-4EFB-BDAA-0A8DEB158629}.Debug|x86.ActiveCfg = Debug|Any CPU
		{2D6DD345-D989-4EFB-BDAA-0A8DEB158629}.Debug|x86.Build.0 = Debug|Any CPU
		{2D6DD345-D989-4EFB-BDAA-0A8DEB158629}.Release|Any CPU.ActiveCfg = Release|Any CPU
		{2D6DD345-D989-4EFB-BDAA-0A8DEB158629}.Release|Any CPU.Build.0 = Release|Any CPU
		{2D6DD345-D989-4EFB-BDAA-0A8DEB158629}.Release|x64.ActiveCfg = Release|Any CPU
		{2D6DD345-D989-4EFB-BDAA-0A8DEB158629}.Release|x64.Build.0 = Release|Any CPU
		{2D6DD345-D989-4EFB-BDAA-0A8DEB158629}.Release|x86.ActiveCfg = Release|Any CPU
		{2D6DD345-D989-4EFB-BDAA-0A8DEB158629}.Release|x86.Build.0 = Release|Any CPU
		{4D882657-3CC6-46F0-BB4F-6A88722B49A0}.Debug|Any CPU.ActiveCfg = Debug|Any CPU
		{4D882657-3CC6-46F0-BB4F-6A88722B49A0}.Debug|Any CPU.Build.0 = Debug|Any CPU
		{4D882657-3CC6-46F0-BB4F-6A88722B49A0}.Debug|x64.ActiveCfg = Debug|Any CPU
		{4D882657-3CC6-46F0-BB4F-6A88722B49A0}.Debug|x64.Build.0 = Debug|Any CPU
		{4D882657-3CC6-46F0-BB4F-6A88722B49A0}.Debug|x86.ActiveCfg = Debug|Any CPU
		{4D882657-3CC6-46F0-BB4F-6A88722B49A0}.Debug|x86.Build.0 = Debug|Any CPU
		{4D882657-3CC6-46F0-BB4F-6A88722B49A0}.Release|Any CPU.ActiveCfg = Release|Any CPU
		{4D882657-3CC6-46F0-BB4F-6A88722B49A0}.Release|Any CPU.Build.0 = Release|Any CPU
		{4D882657-3CC6-46F0-BB4F-6A88722B49A0}.Release|x64.ActiveCfg = Release|Any CPU
		{4D882657-3CC6-46F0-BB4F-6A88722B49A0}.Release|x64.Build.0 = Release|Any CPU
		{4D882657-3CC6-46F0-BB4F-6A88722B49A0}.Release|x86.ActiveCfg = Release|Any CPU
		{4D882657-3CC6-46F0-BB4F-6A88722B49A0}.Release|x86.Build.0 = Release|Any CPU
		{A8B00669-C6A7-43D7-926E-4A57D2F3BB6E}.Debug|Any CPU.ActiveCfg = Debug|Any CPU
		{A8B00669-C6A7-43D7-926E-4A57D2F3BB6E}.Debug|Any CPU.Build.0 = Debug|Any CPU
		{A8B00669-C6A7-43D7-926E-4A57D2F3BB6E}.Debug|x64.ActiveCfg = Debug|Any CPU
		{A8B00669-C6A7-43D7-926E-4A57D2F3BB6E}.Debug|x64.Build.0 = Debug|Any CPU
		{A8B00669-C6A7-43D7-926E-4A57D2F3BB6E}.Debug|x86.ActiveCfg = Debug|Any CPU
		{A8B00669-C6A7-43D7-926E-4A57D2F3BB6E}.Debug|x86.Build.0 = Debug|Any CPU
		{A8B00669-C6A7-43D7-926E-4A57D2F3BB6E}.Release|Any CPU.ActiveCfg = Release|Any CPU
		{A8B00669-C6A7-43D7-926E-4A57D2F3BB6E}.Release|Any CPU.Build.0 = Release|Any CPU
		{A8B00669-C6A7-43D7-926E-4A57D2F3BB6E}.Release|x64.ActiveCfg = Release|Any CPU
		{A8B00669-C6A7-43D7-926E-4A57D2F3BB6E}.Release|x64.Build.0 = Release|Any CPU
		{A8B00669-C6A7-43D7-926E-4A57D2F3BB6E}.Release|x86.ActiveCfg = Release|Any CPU
		{A8B00669-C6A7-43D7-926E-4A57D2F3BB6E}.Release|x86.Build.0 = Release|Any CPU
		{61BEB9B1-118C-41E3-B8E1-39C58CCF8844}.Debug|Any CPU.ActiveCfg = Debug|Any CPU
		{61BEB9B1-118C-41E3-B8E1-39C58CCF8844}.Debug|Any CPU.Build.0 = Debug|Any CPU
		{61BEB9B1-118C-41E3-B8E1-39C58CCF8844}.Debug|x64.ActiveCfg = Debug|Any CPU
		{61BEB9B1-118C-41E3-B8E1-39C58CCF8844}.Debug|x64.Build.0 = Debug|Any CPU
		{61BEB9B1-118C-41E3-B8E1-39C58CCF8844}.Debug|x86.ActiveCfg = Debug|Any CPU
		{61BEB9B1-118C-41E3-B8E1-39C58CCF8844}.Debug|x86.Build.0 = Debug|Any CPU
		{61BEB9B1-118C-41E3-B8E1-39C58CCF8844}.Release|Any CPU.ActiveCfg = Release|Any CPU
		{61BEB9B1-118C-41E3-B8E1-39C58CCF8844}.Release|Any CPU.Build.0 = Release|Any CPU
		{61BEB9B1-118C-41E3-B8E1-39C58CCF8844}.Release|x64.ActiveCfg = Release|Any CPU
		{61BEB9B1-118C-41E3-B8E1-39C58CCF8844}.Release|x64.Build.0 = Release|Any CPU
		{61BEB9B1-118C-41E3-B8E1-39C58CCF8844}.Release|x86.ActiveCfg = Release|Any CPU
		{61BEB9B1-118C-41E3-B8E1-39C58CCF8844}.Release|x86.Build.0 = Release|Any CPU
		{C29EBE92-1855-4A1E-A58C-B5C3EDA2592B}.Debug|Any CPU.ActiveCfg = Debug|Any CPU
		{C29EBE92-1855-4A1E-A58C-B5C3EDA2592B}.Debug|Any CPU.Build.0 = Debug|Any CPU
		{C29EBE92-1855-4A1E-A58C-B5C3EDA2592B}.Debug|x64.ActiveCfg = Debug|Any CPU
		{C29EBE92-1855-4A1E-A58C-B5C3EDA2592B}.Debug|x64.Build.0 = Debug|Any CPU
		{C29EBE92-1855-4A1E-A58C-B5C3EDA2592B}.Debug|x86.ActiveCfg = Debug|Any CPU
		{C29EBE92-1855-4A1E-A58C-B5C3EDA2592B}.Debug|x86.Build.0 = Debug|Any CPU
		{C29EBE92-1855-4A1E-A58C-B5C3EDA2592B}.Release|Any CPU.ActiveCfg = Release|Any CPU
		{C29EBE92-1855-4A1E-A58C-B5C3EDA2592B}.Release|Any CPU.Build.0 = Release|Any CPU
		{C29EBE92-1855-4A1E-A58C-B5C3EDA2592B}.Release|x64.ActiveCfg = Release|Any CPU
		{C29EBE92-1855-4A1E-A58C-B5C3EDA2592B}.Release|x64.Build.0 = Release|Any CPU
		{C29EBE92-1855-4A1E-A58C-B5C3EDA2592B}.Release|x86.ActiveCfg = Release|Any CPU
		{C29EBE92-1855-4A1E-A58C-B5C3EDA2592B}.Release|x86.Build.0 = Release|Any CPU
		{D02AF1E2-C0CC-48AF-86FB-5550E635E936}.Debug|Any CPU.ActiveCfg = Debug|Any CPU
		{D02AF1E2-C0CC-48AF-86FB-5550E635E936}.Debug|Any CPU.Build.0 = Debug|Any CPU
		{D02AF1E2-C0CC-48AF-86FB-5550E635E936}.Debug|x64.ActiveCfg = Debug|Any CPU
		{D02AF1E2-C0CC-48AF-86FB-5550E635E936}.Debug|x64.Build.0 = Debug|Any CPU
		{D02AF1E2-C0CC-48AF-86FB-5550E635E936}.Debug|x86.ActiveCfg = Debug|Any CPU
		{D02AF1E2-C0CC-48AF-86FB-5550E635E936}.Debug|x86.Build.0 = Debug|Any CPU
		{D02AF1E2-C0CC-48AF-86FB-5550E635E936}.Release|Any CPU.ActiveCfg = Release|Any CPU
		{D02AF1E2-C0CC-48AF-86FB-5550E635E936}.Release|Any CPU.Build.0 = Release|Any CPU
		{D02AF1E2-C0CC-48AF-86FB-5550E635E936}.Release|x64.ActiveCfg = Release|Any CPU
		{D02AF1E2-C0CC-48AF-86FB-5550E635E936}.Release|x64.Build.0 = Release|Any CPU
		{D02AF1E2-C0CC-48AF-86FB-5550E635E936}.Release|x86.ActiveCfg = Release|Any CPU
		{D02AF1E2-C0CC-48AF-86FB-5550E635E936}.Release|x86.Build.0 = Release|Any CPU
		{DB0BDCEF-433B-43F9-9DA9-1D4B5B38E132}.Debug|Any CPU.ActiveCfg = Debug|Any CPU
		{DB0BDCEF-433B-43F9-9DA9-1D4B5B38E132}.Debug|Any CPU.Build.0 = Debug|Any CPU
		{DB0BDCEF-433B-43F9-9DA9-1D4B5B38E132}.Debug|x64.ActiveCfg = Debug|Any CPU
		{DB0BDCEF-433B-43F9-9DA9-1D4B5B38E132}.Debug|x64.Build.0 = Debug|Any CPU
		{DB0BDCEF-433B-43F9-9DA9-1D4B5B38E132}.Debug|x86.ActiveCfg = Debug|Any CPU
		{DB0BDCEF-433B-43F9-9DA9-1D4B5B38E132}.Debug|x86.Build.0 = Debug|Any CPU
		{DB0BDCEF-433B-43F9-9DA9-1D4B5B38E132}.Release|Any CPU.ActiveCfg = Release|Any CPU
		{DB0BDCEF-433B-43F9-9DA9-1D4B5B38E132}.Release|Any CPU.Build.0 = Release|Any CPU
		{DB0BDCEF-433B-43F9-9DA9-1D4B5B38E132}.Release|x64.ActiveCfg = Release|Any CPU
		{DB0BDCEF-433B-43F9-9DA9-1D4B5B38E132}.Release|x64.Build.0 = Release|Any CPU
		{DB0BDCEF-433B-43F9-9DA9-1D4B5B38E132}.Release|x86.ActiveCfg = Release|Any CPU
		{DB0BDCEF-433B-43F9-9DA9-1D4B5B38E132}.Release|x86.Build.0 = Release|Any CPU
		{8F5119A5-9CA6-47A6-B198-45016D98FD56}.Debug|Any CPU.ActiveCfg = Debug|Any CPU
		{8F5119A5-9CA6-47A6-B198-45016D98FD56}.Debug|Any CPU.Build.0 = Debug|Any CPU
		{8F5119A5-9CA6-47A6-B198-45016D98FD56}.Debug|x64.ActiveCfg = Debug|Any CPU
		{8F5119A5-9CA6-47A6-B198-45016D98FD56}.Debug|x64.Build.0 = Debug|Any CPU
		{8F5119A5-9CA6-47A6-B198-45016D98FD56}.Debug|x86.ActiveCfg = Debug|Any CPU
		{8F5119A5-9CA6-47A6-B198-45016D98FD56}.Debug|x86.Build.0 = Debug|Any CPU
		{8F5119A5-9CA6-47A6-B198-45016D98FD56}.Release|Any CPU.ActiveCfg = Release|Any CPU
		{8F5119A5-9CA6-47A6-B198-45016D98FD56}.Release|Any CPU.Build.0 = Release|Any CPU
		{8F5119A5-9CA6-47A6-B198-45016D98FD56}.Release|x64.ActiveCfg = Release|Any CPU
		{8F5119A5-9CA6-47A6-B198-45016D98FD56}.Release|x64.Build.0 = Release|Any CPU
		{8F5119A5-9CA6-47A6-B198-45016D98FD56}.Release|x86.ActiveCfg = Release|Any CPU
		{8F5119A5-9CA6-47A6-B198-45016D98FD56}.Release|x86.Build.0 = Release|Any CPU
		{D420C9C0-B5C6-4DAE-946B-D758DEF8B4F5}.Debug|Any CPU.ActiveCfg = Debug|Any CPU
		{D420C9C0-B5C6-4DAE-946B-D758DEF8B4F5}.Debug|Any CPU.Build.0 = Debug|Any CPU
		{D420C9C0-B5C6-4DAE-946B-D758DEF8B4F5}.Debug|x64.ActiveCfg = Debug|Any CPU
		{D420C9C0-B5C6-4DAE-946B-D758DEF8B4F5}.Debug|x64.Build.0 = Debug|Any CPU
		{D420C9C0-B5C6-4DAE-946B-D758DEF8B4F5}.Debug|x86.ActiveCfg = Debug|Any CPU
		{D420C9C0-B5C6-4DAE-946B-D758DEF8B4F5}.Debug|x86.Build.0 = Debug|Any CPU
		{D420C9C0-B5C6-4DAE-946B-D758DEF8B4F5}.Release|Any CPU.ActiveCfg = Release|Any CPU
		{D420C9C0-B5C6-4DAE-946B-D758DEF8B4F5}.Release|Any CPU.Build.0 = Release|Any CPU
		{D420C9C0-B5C6-4DAE-946B-D758DEF8B4F5}.Release|x64.ActiveCfg = Release|Any CPU
		{D420C9C0-B5C6-4DAE-946B-D758DEF8B4F5}.Release|x64.Build.0 = Release|Any CPU
		{D420C9C0-B5C6-4DAE-946B-D758DEF8B4F5}.Release|x86.ActiveCfg = Release|Any CPU
		{D420C9C0-B5C6-4DAE-946B-D758DEF8B4F5}.Release|x86.Build.0 = Release|Any CPU
		{0D21C96C-30D4-4FEF-A4E5-CC65FD90E1BA}.Debug|Any CPU.ActiveCfg = Debug|Any CPU
		{0D21C96C-30D4-4FEF-A4E5-CC65FD90E1BA}.Debug|Any CPU.Build.0 = Debug|Any CPU
		{0D21C96C-30D4-4FEF-A4E5-CC65FD90E1BA}.Debug|x64.ActiveCfg = Debug|Any CPU
		{0D21C96C-30D4-4FEF-A4E5-CC65FD90E1BA}.Debug|x64.Build.0 = Debug|Any CPU
		{0D21C96C-30D4-4FEF-A4E5-CC65FD90E1BA}.Debug|x86.ActiveCfg = Debug|Any CPU
		{0D21C96C-30D4-4FEF-A4E5-CC65FD90E1BA}.Debug|x86.Build.0 = Debug|Any CPU
		{0D21C96C-30D4-4FEF-A4E5-CC65FD90E1BA}.Release|Any CPU.ActiveCfg = Release|Any CPU
		{0D21C96C-30D4-4FEF-A4E5-CC65FD90E1BA}.Release|Any CPU.Build.0 = Release|Any CPU
		{0D21C96C-30D4-4FEF-A4E5-CC65FD90E1BA}.Release|x64.ActiveCfg = Release|Any CPU
		{0D21C96C-30D4-4FEF-A4E5-CC65FD90E1BA}.Release|x64.Build.0 = Release|Any CPU
		{0D21C96C-30D4-4FEF-A4E5-CC65FD90E1BA}.Release|x86.ActiveCfg = Release|Any CPU
		{0D21C96C-30D4-4FEF-A4E5-CC65FD90E1BA}.Release|x86.Build.0 = Release|Any CPU
		{720AE7E2-8E7F-40D7-9189-BE83BA744C5D}.Debug|Any CPU.ActiveCfg = Debug|Any CPU
		{720AE7E2-8E7F-40D7-9189-BE83BA744C5D}.Debug|Any CPU.Build.0 = Debug|Any CPU
		{720AE7E2-8E7F-40D7-9189-BE83BA744C5D}.Debug|x64.ActiveCfg = Debug|Any CPU
		{720AE7E2-8E7F-40D7-9189-BE83BA744C5D}.Debug|x64.Build.0 = Debug|Any CPU
		{720AE7E2-8E7F-40D7-9189-BE83BA744C5D}.Debug|x86.ActiveCfg = Debug|Any CPU
		{720AE7E2-8E7F-40D7-9189-BE83BA744C5D}.Debug|x86.Build.0 = Debug|Any CPU
		{720AE7E2-8E7F-40D7-9189-BE83BA744C5D}.Release|Any CPU.ActiveCfg = Release|Any CPU
		{720AE7E2-8E7F-40D7-9189-BE83BA744C5D}.Release|Any CPU.Build.0 = Release|Any CPU
		{720AE7E2-8E7F-40D7-9189-BE83BA744C5D}.Release|x64.ActiveCfg = Release|Any CPU
		{720AE7E2-8E7F-40D7-9189-BE83BA744C5D}.Release|x64.Build.0 = Release|Any CPU
		{720AE7E2-8E7F-40D7-9189-BE83BA744C5D}.Release|x86.ActiveCfg = Release|Any CPU
		{720AE7E2-8E7F-40D7-9189-BE83BA744C5D}.Release|x86.Build.0 = Release|Any CPU
		{98839CA8-ADAF-4F6A-99DC-5D32C79E4B39}.Debug|Any CPU.ActiveCfg = Debug|Any CPU
		{98839CA8-ADAF-4F6A-99DC-5D32C79E4B39}.Debug|Any CPU.Build.0 = Debug|Any CPU
		{98839CA8-ADAF-4F6A-99DC-5D32C79E4B39}.Debug|x64.ActiveCfg = Debug|Any CPU
		{98839CA8-ADAF-4F6A-99DC-5D32C79E4B39}.Debug|x64.Build.0 = Debug|Any CPU
		{98839CA8-ADAF-4F6A-99DC-5D32C79E4B39}.Debug|x86.ActiveCfg = Debug|Any CPU
		{98839CA8-ADAF-4F6A-99DC-5D32C79E4B39}.Debug|x86.Build.0 = Debug|Any CPU
		{98839CA8-ADAF-4F6A-99DC-5D32C79E4B39}.Release|Any CPU.ActiveCfg = Release|Any CPU
		{98839CA8-ADAF-4F6A-99DC-5D32C79E4B39}.Release|Any CPU.Build.0 = Release|Any CPU
		{98839CA8-ADAF-4F6A-99DC-5D32C79E4B39}.Release|x64.ActiveCfg = Release|Any CPU
		{98839CA8-ADAF-4F6A-99DC-5D32C79E4B39}.Release|x64.Build.0 = Release|Any CPU
		{98839CA8-ADAF-4F6A-99DC-5D32C79E4B39}.Release|x86.ActiveCfg = Release|Any CPU
		{98839CA8-ADAF-4F6A-99DC-5D32C79E4B39}.Release|x86.Build.0 = Release|Any CPU
		{8BEEC489-E429-4B08-98A4-9301A726A246}.Debug|Any CPU.ActiveCfg = Debug|Any CPU
		{8BEEC489-E429-4B08-98A4-9301A726A246}.Debug|Any CPU.Build.0 = Debug|Any CPU
		{8BEEC489-E429-4B08-98A4-9301A726A246}.Debug|x64.ActiveCfg = Debug|Any CPU
		{8BEEC489-E429-4B08-98A4-9301A726A246}.Debug|x64.Build.0 = Debug|Any CPU
		{8BEEC489-E429-4B08-98A4-9301A726A246}.Debug|x86.ActiveCfg = Debug|Any CPU
		{8BEEC489-E429-4B08-98A4-9301A726A246}.Debug|x86.Build.0 = Debug|Any CPU
		{8BEEC489-E429-4B08-98A4-9301A726A246}.Release|Any CPU.ActiveCfg = Release|Any CPU
		{8BEEC489-E429-4B08-98A4-9301A726A246}.Release|Any CPU.Build.0 = Release|Any CPU
		{8BEEC489-E429-4B08-98A4-9301A726A246}.Release|x64.ActiveCfg = Release|Any CPU
		{8BEEC489-E429-4B08-98A4-9301A726A246}.Release|x64.Build.0 = Release|Any CPU
		{8BEEC489-E429-4B08-98A4-9301A726A246}.Release|x86.ActiveCfg = Release|Any CPU
		{8BEEC489-E429-4B08-98A4-9301A726A246}.Release|x86.Build.0 = Release|Any CPU
		{054ACBD3-122E-4695-9C3C-75FB37DB89C3}.Debug|Any CPU.ActiveCfg = Debug|Any CPU
		{054ACBD3-122E-4695-9C3C-75FB37DB89C3}.Debug|Any CPU.Build.0 = Debug|Any CPU
		{054ACBD3-122E-4695-9C3C-75FB37DB89C3}.Debug|x64.ActiveCfg = Debug|Any CPU
		{054ACBD3-122E-4695-9C3C-75FB37DB89C3}.Debug|x64.Build.0 = Debug|Any CPU
		{054ACBD3-122E-4695-9C3C-75FB37DB89C3}.Debug|x86.ActiveCfg = Debug|Any CPU
		{054ACBD3-122E-4695-9C3C-75FB37DB89C3}.Debug|x86.Build.0 = Debug|Any CPU
		{054ACBD3-122E-4695-9C3C-75FB37DB89C3}.Release|Any CPU.ActiveCfg = Release|Any CPU
		{054ACBD3-122E-4695-9C3C-75FB37DB89C3}.Release|Any CPU.Build.0 = Release|Any CPU
		{054ACBD3-122E-4695-9C3C-75FB37DB89C3}.Release|x64.ActiveCfg = Release|Any CPU
		{054ACBD3-122E-4695-9C3C-75FB37DB89C3}.Release|x64.Build.0 = Release|Any CPU
		{054ACBD3-122E-4695-9C3C-75FB37DB89C3}.Release|x86.ActiveCfg = Release|Any CPU
		{054ACBD3-122E-4695-9C3C-75FB37DB89C3}.Release|x86.Build.0 = Release|Any CPU
		{63D949B9-85C2-4F0C-8DA4-61CA6CB1D56B}.Debug|Any CPU.ActiveCfg = Debug|Any CPU
		{63D949B9-85C2-4F0C-8DA4-61CA6CB1D56B}.Debug|Any CPU.Build.0 = Debug|Any CPU
		{63D949B9-85C2-4F0C-8DA4-61CA6CB1D56B}.Debug|x64.ActiveCfg = Debug|Any CPU
		{63D949B9-85C2-4F0C-8DA4-61CA6CB1D56B}.Debug|x64.Build.0 = Debug|Any CPU
		{63D949B9-85C2-4F0C-8DA4-61CA6CB1D56B}.Debug|x86.ActiveCfg = Debug|Any CPU
		{63D949B9-85C2-4F0C-8DA4-61CA6CB1D56B}.Debug|x86.Build.0 = Debug|Any CPU
		{63D949B9-85C2-4F0C-8DA4-61CA6CB1D56B}.Release|Any CPU.ActiveCfg = Release|Any CPU
		{63D949B9-85C2-4F0C-8DA4-61CA6CB1D56B}.Release|Any CPU.Build.0 = Release|Any CPU
		{63D949B9-85C2-4F0C-8DA4-61CA6CB1D56B}.Release|x64.ActiveCfg = Release|Any CPU
		{63D949B9-85C2-4F0C-8DA4-61CA6CB1D56B}.Release|x64.Build.0 = Release|Any CPU
		{63D949B9-85C2-4F0C-8DA4-61CA6CB1D56B}.Release|x86.ActiveCfg = Release|Any CPU
		{63D949B9-85C2-4F0C-8DA4-61CA6CB1D56B}.Release|x86.Build.0 = Release|Any CPU
		{20410C70-C0AD-412A-8F08-FCAEC2CA5567}.Debug|Any CPU.ActiveCfg = Debug|Any CPU
		{20410C70-C0AD-412A-8F08-FCAEC2CA5567}.Debug|Any CPU.Build.0 = Debug|Any CPU
		{20410C70-C0AD-412A-8F08-FCAEC2CA5567}.Debug|x64.ActiveCfg = Debug|Any CPU
		{20410C70-C0AD-412A-8F08-FCAEC2CA5567}.Debug|x64.Build.0 = Debug|Any CPU
		{20410C70-C0AD-412A-8F08-FCAEC2CA5567}.Debug|x86.ActiveCfg = Debug|Any CPU
		{20410C70-C0AD-412A-8F08-FCAEC2CA5567}.Debug|x86.Build.0 = Debug|Any CPU
		{20410C70-C0AD-412A-8F08-FCAEC2CA5567}.Release|Any CPU.ActiveCfg = Release|Any CPU
		{20410C70-C0AD-412A-8F08-FCAEC2CA5567}.Release|Any CPU.Build.0 = Release|Any CPU
		{20410C70-C0AD-412A-8F08-FCAEC2CA5567}.Release|x64.ActiveCfg = Release|Any CPU
		{20410C70-C0AD-412A-8F08-FCAEC2CA5567}.Release|x64.Build.0 = Release|Any CPU
		{20410C70-C0AD-412A-8F08-FCAEC2CA5567}.Release|x86.ActiveCfg = Release|Any CPU
		{20410C70-C0AD-412A-8F08-FCAEC2CA5567}.Release|x86.Build.0 = Release|Any CPU
		{9AEB8AF0-AF8D-4B22-B480-499C33A5A30B}.Debug|Any CPU.ActiveCfg = Debug|Any CPU
		{9AEB8AF0-AF8D-4B22-B480-499C33A5A30B}.Debug|Any CPU.Build.0 = Debug|Any CPU
		{9AEB8AF0-AF8D-4B22-B480-499C33A5A30B}.Debug|x64.ActiveCfg = Debug|Any CPU
		{9AEB8AF0-AF8D-4B22-B480-499C33A5A30B}.Debug|x64.Build.0 = Debug|Any CPU
		{9AEB8AF0-AF8D-4B22-B480-499C33A5A30B}.Debug|x86.ActiveCfg = Debug|Any CPU
		{9AEB8AF0-AF8D-4B22-B480-499C33A5A30B}.Debug|x86.Build.0 = Debug|Any CPU
		{9AEB8AF0-AF8D-4B22-B480-499C33A5A30B}.Release|Any CPU.ActiveCfg = Release|Any CPU
		{9AEB8AF0-AF8D-4B22-B480-499C33A5A30B}.Release|Any CPU.Build.0 = Release|Any CPU
		{9AEB8AF0-AF8D-4B22-B480-499C33A5A30B}.Release|x64.ActiveCfg = Release|Any CPU
		{9AEB8AF0-AF8D-4B22-B480-499C33A5A30B}.Release|x64.Build.0 = Release|Any CPU
		{9AEB8AF0-AF8D-4B22-B480-499C33A5A30B}.Release|x86.ActiveCfg = Release|Any CPU
		{9AEB8AF0-AF8D-4B22-B480-499C33A5A30B}.Release|x86.Build.0 = Release|Any CPU
		{0C4C141D-7AAC-4527-AD79-C41560D9B1DC}.Debug|Any CPU.ActiveCfg = Debug|Any CPU
		{0C4C141D-7AAC-4527-AD79-C41560D9B1DC}.Debug|Any CPU.Build.0 = Debug|Any CPU
		{0C4C141D-7AAC-4527-AD79-C41560D9B1DC}.Debug|x64.ActiveCfg = Debug|Any CPU
		{0C4C141D-7AAC-4527-AD79-C41560D9B1DC}.Debug|x64.Build.0 = Debug|Any CPU
		{0C4C141D-7AAC-4527-AD79-C41560D9B1DC}.Debug|x86.ActiveCfg = Debug|Any CPU
		{0C4C141D-7AAC-4527-AD79-C41560D9B1DC}.Debug|x86.Build.0 = Debug|Any CPU
		{0C4C141D-7AAC-4527-AD79-C41560D9B1DC}.Release|Any CPU.ActiveCfg = Release|Any CPU
		{0C4C141D-7AAC-4527-AD79-C41560D9B1DC}.Release|Any CPU.Build.0 = Release|Any CPU
		{0C4C141D-7AAC-4527-AD79-C41560D9B1DC}.Release|x64.ActiveCfg = Release|Any CPU
		{0C4C141D-7AAC-4527-AD79-C41560D9B1DC}.Release|x64.Build.0 = Release|Any CPU
		{0C4C141D-7AAC-4527-AD79-C41560D9B1DC}.Release|x86.ActiveCfg = Release|Any CPU
		{0C4C141D-7AAC-4527-AD79-C41560D9B1DC}.Release|x86.Build.0 = Release|Any CPU
		{52FD318D-574C-42BA-8AC2-33E6FD430CCD}.Debug|Any CPU.ActiveCfg = Debug|Any CPU
		{52FD318D-574C-42BA-8AC2-33E6FD430CCD}.Debug|Any CPU.Build.0 = Debug|Any CPU
		{52FD318D-574C-42BA-8AC2-33E6FD430CCD}.Debug|x64.ActiveCfg = Debug|Any CPU
		{52FD318D-574C-42BA-8AC2-33E6FD430CCD}.Debug|x64.Build.0 = Debug|Any CPU
		{52FD318D-574C-42BA-8AC2-33E6FD430CCD}.Debug|x86.ActiveCfg = Debug|Any CPU
		{52FD318D-574C-42BA-8AC2-33E6FD430CCD}.Debug|x86.Build.0 = Debug|Any CPU
		{52FD318D-574C-42BA-8AC2-33E6FD430CCD}.Release|Any CPU.ActiveCfg = Release|Any CPU
		{52FD318D-574C-42BA-8AC2-33E6FD430CCD}.Release|Any CPU.Build.0 = Release|Any CPU
		{52FD318D-574C-42BA-8AC2-33E6FD430CCD}.Release|x64.ActiveCfg = Release|Any CPU
		{52FD318D-574C-42BA-8AC2-33E6FD430CCD}.Release|x64.Build.0 = Release|Any CPU
		{52FD318D-574C-42BA-8AC2-33E6FD430CCD}.Release|x86.ActiveCfg = Release|Any CPU
		{52FD318D-574C-42BA-8AC2-33E6FD430CCD}.Release|x86.Build.0 = Release|Any CPU
		{043799CA-00E2-4A91-8D2B-C1221EE37D0B}.Debug|Any CPU.ActiveCfg = Debug|Any CPU
		{043799CA-00E2-4A91-8D2B-C1221EE37D0B}.Debug|Any CPU.Build.0 = Debug|Any CPU
		{043799CA-00E2-4A91-8D2B-C1221EE37D0B}.Debug|x64.ActiveCfg = Debug|Any CPU
		{043799CA-00E2-4A91-8D2B-C1221EE37D0B}.Debug|x64.Build.0 = Debug|Any CPU
		{043799CA-00E2-4A91-8D2B-C1221EE37D0B}.Debug|x86.ActiveCfg = Debug|Any CPU
		{043799CA-00E2-4A91-8D2B-C1221EE37D0B}.Debug|x86.Build.0 = Debug|Any CPU
		{043799CA-00E2-4A91-8D2B-C1221EE37D0B}.Release|Any CPU.ActiveCfg = Release|Any CPU
		{043799CA-00E2-4A91-8D2B-C1221EE37D0B}.Release|Any CPU.Build.0 = Release|Any CPU
		{043799CA-00E2-4A91-8D2B-C1221EE37D0B}.Release|x64.ActiveCfg = Release|Any CPU
		{043799CA-00E2-4A91-8D2B-C1221EE37D0B}.Release|x64.Build.0 = Release|Any CPU
		{043799CA-00E2-4A91-8D2B-C1221EE37D0B}.Release|x86.ActiveCfg = Release|Any CPU
		{043799CA-00E2-4A91-8D2B-C1221EE37D0B}.Release|x86.Build.0 = Release|Any CPU
		{D75A5A75-B2F0-4932-BE46-2139805EE473}.Debug|Any CPU.ActiveCfg = Debug|Any CPU
		{D75A5A75-B2F0-4932-BE46-2139805EE473}.Debug|Any CPU.Build.0 = Debug|Any CPU
		{D75A5A75-B2F0-4932-BE46-2139805EE473}.Debug|x64.ActiveCfg = Debug|Any CPU
		{D75A5A75-B2F0-4932-BE46-2139805EE473}.Debug|x64.Build.0 = Debug|Any CPU
		{D75A5A75-B2F0-4932-BE46-2139805EE473}.Debug|x86.ActiveCfg = Debug|Any CPU
		{D75A5A75-B2F0-4932-BE46-2139805EE473}.Debug|x86.Build.0 = Debug|Any CPU
		{D75A5A75-B2F0-4932-BE46-2139805EE473}.Release|Any CPU.ActiveCfg = Release|Any CPU
		{D75A5A75-B2F0-4932-BE46-2139805EE473}.Release|Any CPU.Build.0 = Release|Any CPU
		{D75A5A75-B2F0-4932-BE46-2139805EE473}.Release|x64.ActiveCfg = Release|Any CPU
		{D75A5A75-B2F0-4932-BE46-2139805EE473}.Release|x64.Build.0 = Release|Any CPU
		{D75A5A75-B2F0-4932-BE46-2139805EE473}.Release|x86.ActiveCfg = Release|Any CPU
		{D75A5A75-B2F0-4932-BE46-2139805EE473}.Release|x86.Build.0 = Release|Any CPU
		{6670E3C0-4B30-42BC-B36B-D24A7B29F7AB}.Debug|Any CPU.ActiveCfg = Debug|Any CPU
		{6670E3C0-4B30-42BC-B36B-D24A7B29F7AB}.Debug|Any CPU.Build.0 = Debug|Any CPU
		{6670E3C0-4B30-42BC-B36B-D24A7B29F7AB}.Debug|x64.ActiveCfg = Debug|Any CPU
		{6670E3C0-4B30-42BC-B36B-D24A7B29F7AB}.Debug|x64.Build.0 = Debug|Any CPU
		{6670E3C0-4B30-42BC-B36B-D24A7B29F7AB}.Debug|x86.ActiveCfg = Debug|Any CPU
		{6670E3C0-4B30-42BC-B36B-D24A7B29F7AB}.Debug|x86.Build.0 = Debug|Any CPU
		{6670E3C0-4B30-42BC-B36B-D24A7B29F7AB}.Release|Any CPU.ActiveCfg = Release|Any CPU
		{6670E3C0-4B30-42BC-B36B-D24A7B29F7AB}.Release|Any CPU.Build.0 = Release|Any CPU
		{6670E3C0-4B30-42BC-B36B-D24A7B29F7AB}.Release|x64.ActiveCfg = Release|Any CPU
		{6670E3C0-4B30-42BC-B36B-D24A7B29F7AB}.Release|x64.Build.0 = Release|Any CPU
		{6670E3C0-4B30-42BC-B36B-D24A7B29F7AB}.Release|x86.ActiveCfg = Release|Any CPU
		{6670E3C0-4B30-42BC-B36B-D24A7B29F7AB}.Release|x86.Build.0 = Release|Any CPU
		{7F88502E-09C1-4702-BA77-57E64D599776}.Debug|Any CPU.ActiveCfg = Debug|Any CPU
		{7F88502E-09C1-4702-BA77-57E64D599776}.Debug|Any CPU.Build.0 = Debug|Any CPU
		{7F88502E-09C1-4702-BA77-57E64D599776}.Debug|x64.ActiveCfg = Debug|Any CPU
		{7F88502E-09C1-4702-BA77-57E64D599776}.Debug|x64.Build.0 = Debug|Any CPU
		{7F88502E-09C1-4702-BA77-57E64D599776}.Debug|x86.ActiveCfg = Debug|Any CPU
		{7F88502E-09C1-4702-BA77-57E64D599776}.Debug|x86.Build.0 = Debug|Any CPU
		{7F88502E-09C1-4702-BA77-57E64D599776}.Release|Any CPU.ActiveCfg = Release|Any CPU
		{7F88502E-09C1-4702-BA77-57E64D599776}.Release|Any CPU.Build.0 = Release|Any CPU
		{7F88502E-09C1-4702-BA77-57E64D599776}.Release|x64.ActiveCfg = Release|Any CPU
		{7F88502E-09C1-4702-BA77-57E64D599776}.Release|x64.Build.0 = Release|Any CPU
		{7F88502E-09C1-4702-BA77-57E64D599776}.Release|x86.ActiveCfg = Release|Any CPU
		{7F88502E-09C1-4702-BA77-57E64D599776}.Release|x86.Build.0 = Release|Any CPU
		{0091ACE2-89D4-4ACF-8AAB-B32BB7B29D51}.Debug|Any CPU.ActiveCfg = Debug|Any CPU
		{0091ACE2-89D4-4ACF-8AAB-B32BB7B29D51}.Debug|Any CPU.Build.0 = Debug|Any CPU
		{0091ACE2-89D4-4ACF-8AAB-B32BB7B29D51}.Debug|x64.ActiveCfg = Debug|Any CPU
		{0091ACE2-89D4-4ACF-8AAB-B32BB7B29D51}.Debug|x64.Build.0 = Debug|Any CPU
		{0091ACE2-89D4-4ACF-8AAB-B32BB7B29D51}.Debug|x86.ActiveCfg = Debug|Any CPU
		{0091ACE2-89D4-4ACF-8AAB-B32BB7B29D51}.Debug|x86.Build.0 = Debug|Any CPU
		{0091ACE2-89D4-4ACF-8AAB-B32BB7B29D51}.Release|Any CPU.ActiveCfg = Release|Any CPU
		{0091ACE2-89D4-4ACF-8AAB-B32BB7B29D51}.Release|Any CPU.Build.0 = Release|Any CPU
		{0091ACE2-89D4-4ACF-8AAB-B32BB7B29D51}.Release|x64.ActiveCfg = Release|Any CPU
		{0091ACE2-89D4-4ACF-8AAB-B32BB7B29D51}.Release|x64.Build.0 = Release|Any CPU
		{0091ACE2-89D4-4ACF-8AAB-B32BB7B29D51}.Release|x86.ActiveCfg = Release|Any CPU
		{0091ACE2-89D4-4ACF-8AAB-B32BB7B29D51}.Release|x86.Build.0 = Release|Any CPU
		{79D7AC8C-A455-42C3-8345-28C43D10F599}.Debug|Any CPU.ActiveCfg = Debug|Any CPU
		{79D7AC8C-A455-42C3-8345-28C43D10F599}.Debug|Any CPU.Build.0 = Debug|Any CPU
		{79D7AC8C-A455-42C3-8345-28C43D10F599}.Debug|x64.ActiveCfg = Debug|Any CPU
		{79D7AC8C-A455-42C3-8345-28C43D10F599}.Debug|x64.Build.0 = Debug|Any CPU
		{79D7AC8C-A455-42C3-8345-28C43D10F599}.Debug|x86.ActiveCfg = Debug|Any CPU
		{79D7AC8C-A455-42C3-8345-28C43D10F599}.Debug|x86.Build.0 = Debug|Any CPU
		{79D7AC8C-A455-42C3-8345-28C43D10F599}.Release|Any CPU.ActiveCfg = Release|Any CPU
		{79D7AC8C-A455-42C3-8345-28C43D10F599}.Release|Any CPU.Build.0 = Release|Any CPU
		{79D7AC8C-A455-42C3-8345-28C43D10F599}.Release|x64.ActiveCfg = Release|Any CPU
		{79D7AC8C-A455-42C3-8345-28C43D10F599}.Release|x64.Build.0 = Release|Any CPU
		{79D7AC8C-A455-42C3-8345-28C43D10F599}.Release|x86.ActiveCfg = Release|Any CPU
		{79D7AC8C-A455-42C3-8345-28C43D10F599}.Release|x86.Build.0 = Release|Any CPU
		{9F23C6A8-AE17-42A4-B306-E39368B4226C}.Debug|Any CPU.ActiveCfg = Debug|Any CPU
		{9F23C6A8-AE17-42A4-B306-E39368B4226C}.Debug|Any CPU.Build.0 = Debug|Any CPU
		{9F23C6A8-AE17-42A4-B306-E39368B4226C}.Debug|x64.ActiveCfg = Debug|Any CPU
		{9F23C6A8-AE17-42A4-B306-E39368B4226C}.Debug|x64.Build.0 = Debug|Any CPU
		{9F23C6A8-AE17-42A4-B306-E39368B4226C}.Debug|x86.ActiveCfg = Debug|Any CPU
		{9F23C6A8-AE17-42A4-B306-E39368B4226C}.Debug|x86.Build.0 = Debug|Any CPU
		{9F23C6A8-AE17-42A4-B306-E39368B4226C}.Release|Any CPU.ActiveCfg = Release|Any CPU
		{9F23C6A8-AE17-42A4-B306-E39368B4226C}.Release|Any CPU.Build.0 = Release|Any CPU
		{9F23C6A8-AE17-42A4-B306-E39368B4226C}.Release|x64.ActiveCfg = Release|Any CPU
		{9F23C6A8-AE17-42A4-B306-E39368B4226C}.Release|x64.Build.0 = Release|Any CPU
		{9F23C6A8-AE17-42A4-B306-E39368B4226C}.Release|x86.ActiveCfg = Release|Any CPU
		{9F23C6A8-AE17-42A4-B306-E39368B4226C}.Release|x86.Build.0 = Release|Any CPU
	EndGlobalSection
	GlobalSection(SolutionProperties) = preSolution
		HideSolutionNode = FALSE
	EndGlobalSection
	GlobalSection(NestedProjects) = preSolution
		{233C418A-D5F7-4762-A680-9432DCB63985} = {8E1DA48B-444A-C18F-7F7A-DC430FB206FE}
		{43B80C83-B457-4C65-9798-A8533FF8F113} = {8E1DA48B-444A-C18F-7F7A-DC430FB206FE}
		{C31CC49F-5BFE-41F0-A78F-AAD42AA692CA} = {F9C16224-6BCA-7FD0-8033-2109979006BA}
		{6FE82DA5-8F7C-4F6E-B42B-F6C7978EDDC2} = {8E1DA48B-444A-C18F-7F7A-DC430FB206FE}
		{958A059E-0C2A-BDEA-93CB-C85719175899} = {8E1DA48B-444A-C18F-7F7A-DC430FB206FE}
		{57EF41C2-3B68-4573-B225-5AE79C15298A} = {958A059E-0C2A-BDEA-93CB-C85719175899}
		{96B3FB63-1BC0-4DF5-81A9-88FEC5BF7DCE} = {958A059E-0C2A-BDEA-93CB-C85719175899}
		{D3F3F0FA-D892-475B-B6E5-43A5C134A44B} = {958A059E-0C2A-BDEA-93CB-C85719175899}
		{8E7D3B11-DCBD-4769-A708-9D642F74AEFB} = {958A059E-0C2A-BDEA-93CB-C85719175899}
		{042AA2D9-F701-4087-ABD0-056012714539} = {958A059E-0C2A-BDEA-93CB-C85719175899}
		{02EA8DEA-1350-43BF-A459-9C9BC2C1A18D} = {958A059E-0C2A-BDEA-93CB-C85719175899}
		{2D6DD345-D989-4EFB-BDAA-0A8DEB158629} = {958A059E-0C2A-BDEA-93CB-C85719175899}
		{4D882657-3CC6-46F0-BB4F-6A88722B49A0} = {958A059E-0C2A-BDEA-93CB-C85719175899}
		{A8B00669-C6A7-43D7-926E-4A57D2F3BB6E} = {958A059E-0C2A-BDEA-93CB-C85719175899}
		{61BEB9B1-118C-41E3-B8E1-39C58CCF8844} = {958A059E-0C2A-BDEA-93CB-C85719175899}
		{C29EBE92-1855-4A1E-A58C-B5C3EDA2592B} = {F9C16224-6BCA-7FD0-8033-2109979006BA}
		{58EB90A0-D50F-0EE3-3FFC-31ADD344552C} = {F9C16224-6BCA-7FD0-8033-2109979006BA}
		{8D44D6AF-D800-B310-90FB-71C58A60971F} = {58EB90A0-D50F-0EE3-3FFC-31ADD344552C}
		{D02AF1E2-C0CC-48AF-86FB-5550E635E936} = {8D44D6AF-D800-B310-90FB-71C58A60971F}
		{DB0BDCEF-433B-43F9-9DA9-1D4B5B38E132} = {58EB90A0-D50F-0EE3-3FFC-31ADD344552C}
		{8F5119A5-9CA6-47A6-B198-45016D98FD56} = {58EB90A0-D50F-0EE3-3FFC-31ADD344552C}
		{D420C9C0-B5C6-4DAE-946B-D758DEF8B4F5} = {58EB90A0-D50F-0EE3-3FFC-31ADD344552C}
		{0D21C96C-30D4-4FEF-A4E5-CC65FD90E1BA} = {F9C16224-6BCA-7FD0-8033-2109979006BA}
		{720AE7E2-8E7F-40D7-9189-BE83BA744C5D} = {C825AEA8-8A31-0E94-9BF2-7ED81F1CB1B4}
		{EB413240-7C40-4B3E-04F3-9FFFF84AB923} = {C825AEA8-8A31-0E94-9BF2-7ED81F1CB1B4}
		{98839CA8-ADAF-4F6A-99DC-5D32C79E4B39} = {EB413240-7C40-4B3E-04F3-9FFFF84AB923}
		{8BEEC489-E429-4B08-98A4-9301A726A246} = {EB413240-7C40-4B3E-04F3-9FFFF84AB923}
		{054ACBD3-122E-4695-9C3C-75FB37DB89C3} = {EB413240-7C40-4B3E-04F3-9FFFF84AB923}
		{63D949B9-85C2-4F0C-8DA4-61CA6CB1D56B} = {EB413240-7C40-4B3E-04F3-9FFFF84AB923}
		{20410C70-C0AD-412A-8F08-FCAEC2CA5567} = {EB413240-7C40-4B3E-04F3-9FFFF84AB923}
		{1704E875-015C-3025-AD82-324E191F13A5} = {8DB748CA-FB21-EDEC-5231-D42DF1BBAC3E}
		{9AEB8AF0-AF8D-4B22-B480-499C33A5A30B} = {1704E875-015C-3025-AD82-324E191F13A5}
		{0C4C141D-7AAC-4527-AD79-C41560D9B1DC} = {8DB748CA-FB21-EDEC-5231-D42DF1BBAC3E}
		{52FD318D-574C-42BA-8AC2-33E6FD430CCD} = {8DB748CA-FB21-EDEC-5231-D42DF1BBAC3E}
		{043799CA-00E2-4A91-8D2B-C1221EE37D0B} = {9F3D46DF-2528-DC2F-85BF-DA90965EA115}
		{D75A5A75-B2F0-4932-BE46-2139805EE473} = {9F3D46DF-2528-DC2F-85BF-DA90965EA115}
		{6670E3C0-4B30-42BC-B36B-D24A7B29F7AB} = {9F3D46DF-2528-DC2F-85BF-DA90965EA115}
		{7F88502E-09C1-4702-BA77-57E64D599776} = {9F3D46DF-2528-DC2F-85BF-DA90965EA115}
		{0091ACE2-89D4-4ACF-8AAB-B32BB7B29D51} = {5A543B26-8F9E-0348-18A8-387CD7DAB152}
		{79D7AC8C-A455-42C3-8345-28C43D10F599} = {5A543B26-8F9E-0348-18A8-387CD7DAB152}
		{BCDC3BA7-1240-6D67-7146-7865CB133B6A} = {5A543B26-8F9E-0348-18A8-387CD7DAB152}
		{9F23C6A8-AE17-42A4-B306-E39368B4226C} = {BCDC3BA7-1240-6D67-7146-7865CB133B6A}
	EndGlobalSection
EndGlobal
